
Microsoft Visual Studio Solution File, Format Version 12.00
# Visual Studio Version 18
VisualStudioVersion = 18.7.11919.86
MinimumVisualStudioVersion = 10.0.40219.1
Project("{FAE04EC0-301F-11D3-BF4B-00C04F79EFBC}") = "CoConnect", "CoConnect\CoConnect.csproj", "{6A572742-96BE-4EA0-9B8B-EB8E4628A873}"
EndProject
Project("{FAE04EC0-301F-11D3-BF4B-00C04F79EFBC}") = "SimpleBus", "SimpleBus\SimpleBus.csproj", "{2CF26792-DE68-456F-AA6C-4B00879D6922}"
EndProject
Project("{FAE04EC0-301F-11D3-BF4B-00C04F79EFBC}") = "QueryRouting", "QueryRouting\QueryRouting.csproj", "{E4DB29B4-0D58-5ACB-97F8-B806EB9FAD0A}"
EndProject
Project("{FAE04EC0-301F-11D3-BF4B-00C04F79EFBC}") = "CoConnect.Messaging", "CoConnect.Messaging\CoConnect.Messaging.csproj", "{E8322328-2E9A-405B-9DB3-0BBB2D6FFE5A}"
EndProject
Project("{FAE04EC0-301F-11D3-BF4B-00C04F79EFBC}") = "CoConnect.Persistence", "CoConnect.Persistence\CoConnect.Persistence.csproj", "{4A973C39-27ED-4911-9217-F71A6646B149}"
EndProject
Global
	GlobalSection(SolutionConfigurationPlatforms) = preSolution
		Debug|Any CPU = Debug|Any CPU
		Debug|x64 = Debug|x64
		Debug|x86 = Debug|x86
		Release|Any CPU = Release|Any CPU
		Release|x64 = Release|x64
		Release|x86 = Release|x86
	EndGlobalSection
	GlobalSection(ProjectConfigurationPlatforms) = postSolution
		{6A572742-96BE-4EA0-9B8B-EB8E4628A873}.Debug|Any CPU.ActiveCfg = Debug|Any CPU
		{6A572742-96BE-4EA0-9B8B-EB8E4628A873}.Debug|Any CPU.Build.0 = Debug|Any CPU
		{6A572742-96BE-4EA0-9B8B-EB8E4628A873}.Debug|x64.ActiveCfg = Debug|Any CPU
		{6A572742-96BE-4EA0-9B8B-EB8E4628A873}.Debug|x64.Build.0 = Debug|Any CPU
		{6A572742-96BE-4EA0-9B8B-EB8E4628A873}.Debug|x86.ActiveCfg = Debug|Any CPU
		{6A572742-96BE-4EA0-9B8B-EB8E4628A873}.Debug|x86.Build.0 = Debug|Any CPU
		{6A572742-96BE-4EA0-9B8B-EB8E4628A873}.Release|Any CPU.ActiveCfg = Release|Any CPU
		{6A572742-96BE-4EA0-9B8B-EB8E4628A873}.Release|Any CPU.Build.0 = Release|Any CPU
		{6A572742-96BE-4EA0-9B8B-EB8E4628A873}.Release|x64.ActiveCfg = Release|Any CPU
		{6A572742-96BE-4EA0-9B8B-EB8E4628A873}.Release|x64.Build.0 = Release|Any CPU
		{6A572742-96BE-4EA0-9B8B-EB8E4628A873}.Release|x86.ActiveCfg = Release|Any CPU
		{6A572742-96BE-4EA0-9B8B-EB8E4628A873}.Release|x86.Build.0 = Release|Any CPU
		{2CF26792-DE68-456F-AA6C-4B00879D6922}.Debug|Any CPU.ActiveCfg = Debug|Any CPU
		{2CF26792-DE68-456F-AA6C-4B00879D6922}.Debug|Any CPU.Build.0 = Debug|Any CPU
		{2CF26792-DE68-456F-AA6C-4B00879D6922}.Debug|x64.ActiveCfg = Debug|Any CPU
		{2CF26792-DE68-456F-AA6C-4B00879D6922}.Debug|x64.Build.0 = Debug|Any CPU
		{2CF26792-DE68-456F-AA6C-4B00879D6922}.Debug|x86.ActiveCfg = Debug|Any CPU
		{2CF26792-DE68-456F-AA6C-4B00879D6922}.Debug|x86.Build.0 = Debug|Any CPU
		{2CF26792-DE68-456F-AA6C-4B00879D6922}.Release|Any CPU.ActiveCfg = Release|Any CPU
		{2CF26792-DE68-456F-AA6C-4B00879D6922}.Release|Any CPU.Build.0 = Release|Any CPU
		{2CF26792-DE68-456F-AA6C-4B00879D6922}.Release|x64.ActiveCfg = Release|Any CPU
		{2CF26792-DE68-456F-AA6C-4B00879D6922}.Release|x64.Build.0 = Release|Any CPU
		{2CF26792-DE68-456F-AA6C-4B00879D6922}.Release|x86.ActiveCfg = Release|Any CPU
		{2CF26792-DE68-456F-AA6C-4B00879D6922}.Release|x86.Build.0 = Release|Any CPU
		{E4DB29B4-0D58-5ACB-97F8-B806EB9FAD0A}.Debug|Any CPU.ActiveCfg = Debug|Any CPU
		{E4DB29B4-0D58-5ACB-97F8-B806EB9FAD0A}.Debug|Any CPU.Build.0 = Debug|Any CPU
		{E4DB29B4-0D58-5ACB-97F8-B806EB9FAD0A}.Debug|x64.ActiveCfg = Debug|Any CPU
		{E4DB29B4-0D58-5ACB-97F8-B806EB9FAD0A}.Debug|x64.Build.0 = Debug|Any CPU
		{E4DB29B4-0D58-5ACB-97F8-B806EB9FAD0A}.Debug|x86.ActiveCfg = Debug|Any CPU
		{E4DB29B4-0D58-5ACB-97F8-B806EB9FAD0A}.Debug|x86.Build.0 = Debug|Any CPU
		{E4DB29B4-0D58-5ACB-97F8-B806EB9FAD0A}.Release|Any CPU.ActiveCfg = Release|Any CPU
		{E4DB29B4-0D58-5ACB-97F8-B806EB9FAD0A}.Release|Any CPU.Build.0 = Release|Any CPU
		{E4DB29B4-0D58-5ACB-97F8-B806EB9FAD0A}.Release|x64.ActiveCfg = Release|Any CPU
		{E4DB29B4-0D58-5ACB-97F8-B806EB9FAD0A}.Release|x64.Build.0 = Release|Any CPU
		{E4DB29B4-0D58-5ACB-97F8-B806EB9FAD0A}.Release|x86.ActiveCfg = Release|Any CPU
		{E4DB29B4-0D58-5ACB-97F8-B806EB9FAD0A}.Release|x86.Build.0 = Release|Any CPU
		{E8322328-2E9A-405B-9DB3-0BBB2D6FFE5A}.Debug|Any CPU.ActiveCfg = Debug|Any CPU
		{E8322328-2E9A-405B-9DB3-0BBB2D6FFE5A}.Debug|Any CPU.Build.0 = Debug|Any CPU
		{E8322328-2E9A-405B-9DB3-0BBB2D6FFE5A}.Debug|x64.ActiveCfg = Debug|Any CPU
		{E8322328-2E9A-405B-9DB3-0BBB2D6FFE5A}.Debug|x64.Build.0 = Debug|Any CPU
		{E8322328-2E9A-405B-9DB3-0BBB2D6FFE5A}.Debug|x86.ActiveCfg = Debug|Any CPU
		{E8322328-2E9A-405B-9DB3-0BBB2D6FFE5A}.Debug|x86.Build.0 = Debug|Any CPU
		{E8322328-2E9A-405B-9DB3-0BBB2D6FFE5A}.Release|Any CPU.ActiveCfg = Release|Any CPU
		{E8322328-2E9A-405B-9DB3-0BBB2D6FFE5A}.Release|Any CPU.Build.0 = Release|Any CPU
		{E8322328-2E9A-405B-9DB3-0BBB2D6FFE5A}.Release|x64.ActiveCfg = Release|Any CPU
		{E8322328-2E9A-405B-9DB3-0BBB2D6FFE5A}.Release|x64.Build.0 = Release|Any CPU
		{E8322328-2E9A-405B-9DB3-0BBB2D6FFE5A}.Release|x86.ActiveCfg = Release|Any CPU
		{E8322328-2E9A-405B-9DB3-0BBB2D6FFE5A}.Release|x86.Build.0 = Release|Any CPU
		{4A973C39-27ED-4911-9217-F71A6646B149}.Debug|Any CPU.ActiveCfg = Debug|Any CPU
		{4A973C39-27ED-4911-9217-F71A6646B149}.Debug|Any CPU.Build.0 = Debug|Any CPU
		{4A973C39-27ED-4911-9217-F71A6646B149}.Debug|x64.ActiveCfg = Debug|Any CPU
		{4A973C39-27ED-4911-9217-F71A6646B149}.Debug|x64.Build.0 = Debug|Any CPU
		{4A973C39-27ED-4911-9217-F71A6646B149}.Debug|x86.ActiveCfg = Debug|Any CPU
		{4A973C39-27ED-4911-9217-F71A6646B149}.Debug|x86.Build.0 = Debug|Any CPU
		{4A973C39-27ED-4911-9217-F71A6646B149}.Release|Any CPU.ActiveCfg = Release|Any CPU
		{4A973C39-27ED-4911-9217-F71A6646B149}.Release|Any CPU.Build.0 = Release|Any CPU
		{4A973C39-27ED-4911-9217-F71A6646B149}.Release|x64.ActiveCfg = Release|Any CPU
		{4A973C39-27ED-4911-9217-F71A6646B149}.Release|x64.Build.0 = Release|Any CPU
		{4A973C39-27ED-4911-9217-F71A6646B149}.Release|x86.ActiveCfg = Release|Any CPU
		{4A973C39-27ED-4911-9217-F71A6646B149}.Release|x86.Build.0 = Release|Any CPU
	EndGlobalSection
	GlobalSection(SolutionProperties) = preSolution
		HideSolutionNode = FALSE
	EndGlobalSection
	GlobalSection(ExtensibilityGlobals) = postSolution
		SolutionGuid = {B09AABE8-7C8E-497A-BF9B-396AE14C5C8C}
	EndGlobalSection
EndGlobal
